
Microsoft Visual Studio Solution File, Format Version 12.00
# Visual Studio Version 16
VisualStudioVersion = 16.0.32106.194
MinimumVisualStudioVersion = 10.0.40219.1
Project("{FAE04EC0-301F-11D3-BF4B-00C04F79EFBC}") = "Spotify", "Spotify\Spotify.csproj", "{CF88344A-93C3-4233-AB38-6FDAF0DBDD33}"
EndProject
Global
	GlobalSection(SolutionConfigurationPlatforms) = preSolution
		Debug|Any CPU = Debug|Any CPU
		Release|Any CPU = Release|Any CPU
	EndGlobalSection
	GlobalSection(ProjectConfigurationPlatforms) = postSolution
		{CF88344A-93C3-4233-AB38-6FDAF0DBDD33}.Debug|Any CPU.ActiveCfg = Debug|Any CPU
		{CF88344A-93C3-4233-AB38-6FDAF0DBDD33}.Debug|Any CPU.Build.0 = Debug|Any CPU
		{CF88344A-93C3-4233-AB38-6FDAF0DBDD33}.Release|Any CPU.ActiveCfg = Release|Any CPU
		{CF88344A-93C3-4233-AB38-6FDAF0DBDD33}.Release|Any CPU.Build.0 = Release|Any CPU
	EndGlobalSection
	GlobalSection(SolutionProperties) = preSolution
		HideSolutionNode = FALSE
	EndGlobalSection
	GlobalSection(ExtensibilityGlobals) = postSolution
		SolutionGuid = {E1F352E0-448E-429B-BD6F-E493EA17FFAE}
	EndGlobalSection
EndGlobal
